
Microsoft Visual Studio Solution File, Format Version 12.00
# Visual Studio Version 16
VisualStudioVersion = 16.0.32228.343
MinimumVisualStudioVersion = 10.0.40219.1
Project("{E24C65DC-7377-472B-9ABA-BC803B73C61A}") = "GroupStoreV2.0", "GroupStoreV2.0\", "{D0832D54-6F7F-4678-951D-7B97A7B1EEA3}"
	ProjectSection(WebsiteProperties) = preProject
		TargetFrameworkMoniker = ".NETFramework,Version%3Dv4.7.2"
		Debug.AspNetCompiler.VirtualPath = "/localhost_51294"
		Debug.AspNetCompiler.PhysicalPath = "GroupStoreV2.0\"
		Debug.AspNetCompiler.TargetPath = "PrecompiledWeb\localhost_51294\"
		Debug.AspNetCompiler.Updateable = "true"
		Debug.AspNetCompiler.ForceOverwrite = "true"
		Debug.AspNetCompiler.FixedNames = "false"
		Debug.AspNetCompiler.Debug = "True"
		Release.AspNetCompiler.VirtualPath = "/localhost_51294"
		Release.AspNetCompiler.PhysicalPath = "GroupStoreV2.0\"
		Release.AspNetCompiler.TargetPath = "PrecompiledWeb\localhost_51294\"
		Release.AspNetCompiler.Updateable = "true"
		Release.AspNetCompiler.ForceOverwrite = "true"
		Release.AspNetCompiler.FixedNames = "false"
		Release.AspNetCompiler.Debug = "False"
		VWDPort = "51294"
		SlnRelativePath = "GroupStoreV2.0\"
		DefaultWebSiteLanguage = "Visual C#"
	EndProjectSection
EndProject
Global
	GlobalSection(SolutionConfigurationPlatforms) = preSolution
		Debug|Any CPU = Debug|Any CPU
	EndGlobalSection
	GlobalSection(ProjectConfigurationPlatforms) = postSolution
		{D0832D54-6F7F-4678-951D-7B97A7B1EEA3}.Debug|Any CPU.ActiveCfg = Debug|Any CPU
		{D0832D54-6F7F-4678-951D-7B97A7B1EEA3}.Debug|Any CPU.Build.0 = Debug|Any CPU
	EndGlobalSection
	GlobalSection(SolutionProperties) = preSolution
		HideSolutionNode = FALSE
	EndGlobalSection
	GlobalSection(ExtensibilityGlobals) = postSolution
		SolutionGuid = {65874FC5-DC58-4338-9D9C-94105E597C15}
	EndGlobalSection
EndGlobal
